
Microsoft Visual Studio Solution File, Format Version 12.00
# Visual Studio Version 17
VisualStudioVersion = 17.9.34622.214
MinimumVisualStudioVersion = 10.0.40219.1
Project("{8BC9CEB8-8B4A-11D0-8D11-00A0C91BC942}") = "coursework2", "coursework2.vcxproj", "{05C04AA8-0FB7-406C-8E9E-01CC836B07E7}"
EndProject
Global
	GlobalSection(SolutionConfigurationPlatforms) = preSolution
		Debug Dynamic|x64 = Debug Dynamic|x64
		Debug Dynamic|x86 = Debug Dynamic|x86
		Debug Static|x64 = Debug Static|x64
		Debug Static|x86 = Debug Static|x86
		Release Dynamic|x64 = Release Dynamic|x64
		Release Dynamic|x86 = Release Dynamic|x86
		Release Static|x64 = Release Static|x64
		Release Static|x86 = Release Static|x86
	EndGlobalSection
	GlobalSection(ProjectConfigurationPlatforms) = postSolution
		{05C04AA8-0FB7-406C-8E9E-01CC836B07E7}.Debug Dynamic|x64.ActiveCfg = Debug Dynamic|x64
		{05C04AA8-0FB7-406C-8E9E-01CC836B07E7}.Debug Dynamic|x64.Build.0 = Debug Dynamic|x64
		{05C04AA8-0FB7-406C-8E9E-01CC836B07E7}.Debug Dynamic|x86.ActiveCfg = Debug Dynamic|Win32
		{05C04AA8-0FB7-406C-8E9E-01CC836B07E7}.Debug Dynamic|x86.Build.0 = Debug Dynamic|Win32
		{05C04AA8-0FB7-406C-8E9E-01CC836B07E7}.Debug Static|x64.ActiveCfg = Debug Static|x64
		{05C04AA8-0FB7-406C-8E9E-01CC836B07E7}.Debug Static|x64.Build.0 = Debug Static|x64
		{05C04AA8-0FB7-406C-8E9E-01CC836B07E7}.Debug Static|x86.ActiveCfg = Debug Static|Win32
		{05C04AA8-0FB7-406C-8E9E-01CC836B07E7}.Debug Static|x86.Build.0 = Debug Static|Win32
		{05C04AA8-0FB7-406C-8E9E-01CC836B07E7}.Release Dynamic|x64.ActiveCfg = Release Dynamic|x64
		{05C04AA8-0FB7-406C-8E9E-01CC836B07E7}.Release Dynamic|x64.Build.0 = Release Dynamic|x64
		{05C04AA8-0FB7-406C-8E9E-01CC836B07E7}.Release Dynamic|x86.ActiveCfg = Release Dynamic|Win32
		{05C04AA8-0FB7-406C-8E9E-01CC836B07E7}.Release Dynamic|x86.Build.0 = Release Dynamic|Win32
		{05C04AA8-0FB7-406C-8E9E-01CC836B07E7}.Release Static|x64.ActiveCfg = Release Static|x64
		{05C04AA8-0FB7-406C-8E9E-01CC836B07E7}.Release Static|x64.Build.0 = Release Static|x64
		{05C04AA8-0FB7-406C-8E9E-01CC836B07E7}.Release Static|x86.ActiveCfg = Release Static|Win32
		{05C04AA8-0FB7-406C-8E9E-01CC836B07E7}.Release Static|x86.Build.0 = Release Static|Win32
	EndGlobalSection
	GlobalSection(SolutionProperties) = preSolution
		HideSolutionNode = FALSE
	EndGlobalSection
	GlobalSection(ExtensibilityGlobals) = postSolution
		SolutionGuid = {C97FA2AA-BD56-4107-89B4-4C702F7B5244}
	EndGlobalSection
EndGlobal
